Microsoft Visual Studio Solution File, Format Version 12.00
# Visual Studio 15
VisualStudioVersion = 15.0.27703.2026
MinimumVisualStudioVersion = 10.0.40219.1
Project("{9A19103F-16F7-4668-BE54-9A1E7A4F7556}") = "ESIClient.Dotcore", "src\ESIClient.Dotcore\ESIClient.Dotcore.csproj", "{9716D271-7811-4E14-AC03-86EE91435331}"
EndProject
Global
	GlobalSection(SolutionConfigurationPlatforms) = preSolution
		Debug|Any CPU = Debug|Any CPU
		Release|Any CPU = Release|Any CPU
	EndGlobalSection
	GlobalSection(ProjectConfigurationPlatforms) = postSolution
		{9716D271-7811-4E14-AC03-86EE91435331}.Debug|Any CPU.ActiveCfg = Debug|Any CPU
		{9716D271-7811-4E14-AC03-86EE91435331}.Debug|Any CPU.Build.0 = Debug|Any CPU
		{9716D271-7811-4E14-AC03-86EE91435331}.Release|Any CPU.ActiveCfg = Release|Any CPU
		{9716D271-7811-4E14-AC03-86EE91435331}.Release|Any CPU.Build.0 = Release|Any CPU
	EndGlobalSection
	GlobalSection(SolutionProperties) = preSolution
		HideSolutionNode = FALSE
	EndGlobalSection
	GlobalSection(ExtensibilityGlobals) = postSolution
		SolutionGuid = {74BE8362-1F0B-49D6-A3E2-53CBBBB58587}
	EndGlobalSection
EndGlobal
